
Microsoft Visual Studio Solution File, Format Version 12.00
# Visual Studio 15
VisualStudioVersion = 15.0.28307.329
MinimumVisualStudioVersion = 10.0.40219.1
Project("{FAE04EC0-301F-11D3-BF4B-00C04F79EFBC}") = "task1", "task1\task1.csproj", "{B25DC1D8-15EB-48E0-B2C7-41F2FA21F96A}"
EndProject
Global
	GlobalSection(SolutionConfigurationPlatforms) = preSolution
		Debug|Any CPU = Debug|Any CPU
		Release|Any CPU = Release|Any CPU
	EndGlobalSection
	GlobalSection(ProjectConfigurationPlatforms) = postSolution
		{B25DC1D8-15EB-48E0-B2C7-41F2FA21F96A}.Debug|Any CPU.ActiveCfg = Debug|Any CPU
		{B25DC1D8-15EB-48E0-B2C7-41F2FA21F96A}.Debug|Any CPU.Build.0 = Debug|Any CPU
		{B25DC1D8-15EB-48E0-B2C7-41F2FA21F96A}.Release|Any CPU.ActiveCfg = Release|Any CPU
		{B25DC1D8-15EB-48E0-B2C7-41F2FA21F96A}.Release|Any CPU.Build.0 = Release|Any CPU
	EndGlobalSection
	GlobalSection(SolutionProperties) = preSolution
		HideSolutionNode = FALSE
	EndGlobalSection
	GlobalSection(ExtensibilityGlobals) = postSolution
		SolutionGuid = {0A6B0BD1-808B-46D3-B77E-6AB9912CF17A}
	EndGlobalSection
EndGlobal
