
Microsoft Visual Studio Solution File, Format Version 12.00
# Visual Studio 15
VisualStudioVersion = 15.0.28307.329
MinimumVisualStudioVersion = 10.0.40219.1
Project("{FAE04EC0-301F-11D3-BF4B-00C04F79EFBC}") = "task1", "task1\task1.csproj", "{0B1B5339-6756-4A64-8E43-10C0E9DE2DD5}"
EndProject
Global
	GlobalSection(SolutionConfigurationPlatforms) = preSolution
		Debug|Any CPU = Debug|Any CPU
		Release|Any CPU = Release|Any CPU
	EndGlobalSection
	GlobalSection(ProjectConfigurationPlatforms) = postSolution
		{0B1B5339-6756-4A64-8E43-10C0E9DE2DD5}.Debug|Any CPU.ActiveCfg = Debug|Any CPU
		{0B1B5339-6756-4A64-8E43-10C0E9DE2DD5}.Debug|Any CPU.Build.0 = Debug|Any CPU
		{0B1B5339-6756-4A64-8E43-10C0E9DE2DD5}.Release|Any CPU.ActiveCfg = Release|Any CPU
		{0B1B5339-6756-4A64-8E43-10C0E9DE2DD5}.Release|Any CPU.Build.0 = Release|Any CPU
	EndGlobalSection
	GlobalSection(SolutionProperties) = preSolution
		HideSolutionNode = FALSE
	EndGlobalSection
	GlobalSection(ExtensibilityGlobals) = postSolution
		SolutionGuid = {D6B7FD34-7807-4FB7-93BF-4B10FA720FB1}
	EndGlobalSection
EndGlobal
